// !$*UTF8*$!
{
	archiveVersion = 1;
	classes = {
	};
	objectVersion = 50;
	objects = {

/* Begin PBXBuildFile section */
		234C234F29F2625900B5EC68 /* ShowViewController.swift in Sources */ = {isa = PBXBuildFile; fileRef = 234C234E29F2625900B5EC68 /* ShowViewController.swift */; };
		234C235129F2626D00B5EC68 /* TableViewCell.swift in Sources */ = {isa = PBXBuildFile; fileRef = 234C235029F2626D00B5EC68 /* TableViewCell.swift */; };
		2354251F29F122DB00CD0438 /* AppDelegate.swift in Sources */ = {isa = PBXBuildFile; fileRef = 2354251E29F122DB00CD0438 /* AppDelegate.swift */; };
		2354252129F122DB00CD0438 /* ViewController.swift in Sources */ = {isa = PBXBuildFile; fileRef = 2354252029F122DB00CD0438 /* ViewController.swift */; };
		2354252429F122DB00CD0438 /* Main.storyboard in Resources */ = {isa = PBXBuildFile; fileRef = 2354252229F122DB00CD0438 /* Main.storyboard */; };
		2354252729F122DB00CD0438 /* CoreDataOrginal.xcdatamodeld in Sources */ = {isa = PBXBuildFile; fileRef = 2354252529F122DB00CD0438 /* CoreDataOrginal.xcdatamodeld */; };
		2354252929F122E100CD0438 /* Assets.xcassets in Resources */ = {isa = PBXBuildFile; fileRef = 2354252829F122E100CD0438 /* Assets.xcassets */; };
		2354252C29F122E100CD0438 /* LaunchScreen.storyboard in Resources */ = {isa = PBXBuildFile; fileRef = 2354252A29F122E100CD0438 /* LaunchScreen.storyboard */; };
/* End PBXBuildFile section */

/* Begin PBXFileReference section */
		234C234E29F2625900B5EC68 /* ShowViewController.swift */ = {isa = PBXFileReference; lastKnownFileType = sourcecode.swift; path = ShowViewController.swift; sourceTree = "<group>"; };
		234C235029F2626D00B5EC68 /* TableViewCell.swift */ = {isa = PBXFileReference; lastKnownFileType = sourcecode.swift; path = TableViewCell.swift; sourceTree = "<group>"; };
		2354251B29F122DB00CD0438 /* CoreDataOrginal.app */ = {isa = PBXFileReference; explicitFileType = wrapper.application; includeInIndex = 0; path = CoreDataOrginal.app; sourceTree = BUILT_PRODUCTS_DIR; };
		2354251E29F122DB00CD0438 /* AppDelegate.swift */ = {isa = PBXFileReference; lastKnownFileType = sourcecode.swift; path = AppDelegate.swift; sourceTree = "<group>"; };
		2354252029F122DB00CD0438 /* ViewController.swift */ = {isa = PBXFileReference; lastKnownFileType = sourcecode.swift; path = ViewController.swift; sourceTree = "<group>"; };
		2354252329F122DB00CD0438 /* Base */ = {isa = PBXFileReference; lastKnownFileType = file.storyboard; name = Base; path = Base.lproj/Main.storyboard; sourceTree = "<group>"; };
		2354252629F122DB00CD0438 /* CoreDataOrginal.xcdatamodel */ = {isa = PBXFileReference; lastKnownFileType = wrapper.xcdatamodel; path = CoreDataOrginal.xcdatamodel; sourceTree = "<group>"; };
		2354252829F122E100CD0438 /* Assets.xcassets */ = {isa = PBXFileReference; lastKnownFileType = folder.assetcatalog; path = Assets.xcassets; sourceTree = "<group>"; };
		2354252B29F122E100CD0438 /* Base */ = {isa = PBXFileReference; lastKnownFileType = file.storyboard; name = Base; path = Base.lproj/LaunchScreen.storyboard; sourceTree = "<group>"; };
		2354252D29F122E100CD0438 /* Info.plist */ = {isa = PBXFileReference; lastKnownFileType = text.plist.xml; path = Info.plist; sourceTree = "<group>"; };
/* End PBXFileReference section */

/* Begin PBXFrameworksBuildPhase section */
		2354251829F122DB00CD0438 /* Frameworks */ = {
			isa = PBXFrameworksBuildPhase;
			buildActionMask = 2147483647;
			files = (
			);
			runOnlyForDeploymentPostprocessing = 0;
		};
/* End PBXFrameworksBuildPhase section */

/* Begin PBXGroup section */
		2354251229F122DB00CD0438 = {
			isa = PBXGroup;
			children = (
				2354251D29F122DB00CD0438 /* CoreDataOrginal */,
				2354251C29F122DB00CD0438 /* Products */,
			);
			sourceTree = "<group>";
		};
		2354251C29F122DB00CD0438 /* Products */ = {
			isa = PBXGroup;
			children = (
				2354251B29F122DB00CD0438 /* CoreDataOrginal.app */,
			);
			name = Products;
			sourceTree = "<group>";
		};
		2354251D29F122DB00CD0438 /* CoreDataOrginal */ = {
			isa = PBXGroup;
			children = (
				2354251E29F122DB00CD0438 /* AppDelegate.swift */,
				2354252029F122DB00CD0438 /* ViewController.swift */,
				234C234E29F2625900B5EC68 /* ShowViewController.swift */,
				234C235029F2626D00B5EC68 /* TableViewCell.swift */,
				2354252229F122DB00CD0438 /* Main.storyboard */,
				2354252829F122E100CD0438 /* Assets.xcassets */,
				2354252A29F122E100CD0438 /* LaunchScreen.storyboard */,
				2354252D29F122E100CD0438 /* Info.plist */,
				2354252529F122DB00CD0438 /* CoreDataOrginal.xcdatamodeld */,
			);
			path = CoreDataOrginal;
			sourceTree = "<group>";
		};
/* End PBXGroup section */

/* Begin PBXNativeTarget section */
		2354251A29F122DB00CD0438 /* CoreDataOrginal */ = {
			isa = PBXNativeTarget;
			buildConfigurationList = 2354253029F122E200CD0438 /* Build configuration list for PBXNativeTarget "CoreDataOrginal" */;
			buildPhases = (
				2354251729F122DB00CD0438 /* Sources */,
				2354251829F122DB00CD0438 /* Frameworks */,
				2354251929F122DB00CD0438 /* Resources */,
			);
			buildRules = (
			);
			dependencies = (
			);
			name = CoreDataOrginal;
			productName = CoreDataOrginal;
			productReference = 2354251B29F122DB00CD0438 /* CoreDataOrginal.app */;
			productType = "com.apple.product-type.application";
		};
/* End PBXNativeTarget section */

/* Begin PBXProject section */
		2354251329F122DB00CD0438 /* Project object */ = {
			isa = PBXProject;
			attributes = {
				LastSwiftUpdateCheck = 1020;
				LastUpgradeCheck = 1020;
				ORGANIZATIONNAME = scs;
				TargetAttributes = {
					2354251A29F122DB00CD0438 = {
						CreatedOnToolsVersion = 10.2.1;
					};
				};
			};
			buildConfigurationList = 2354251629F122DB00CD0438 /* Build configuration list for PBXProject "CoreDataOrginal" */;
			compatibilityVersion = "Xcode 9.3";
			developmentRegion = en;
			hasScannedForEncodings = 0;
			knownRegions = (
				en,
				Base,
			);
			mainGroup = 2354251229F122DB00CD0438;
			productRefGroup = 2354251C29F122DB00CD0438 /* Products */;
			projectDirPath = "";
			projectRoot = "";
			targets = (
				2354251A29F122DB00CD0438 /* CoreDataOrginal */,
			);
		};
/* End PBXProject section */

/* Begin PBXResourcesBuildPhase section */
		2354251929F122DB00CD0438 /* Resources */ = {
			isa = PBXResourcesBuildPhase;
			buildActionMask = 2147483647;
			files = (
				2354252C29F122E100CD0438 /* LaunchScreen.storyboard in Resources */,
				2354252929F122E100CD0438 /* Assets.xcassets in Resources */,
				2354252429F122DB00CD0438 /* Main.storyboard in Resources */,
			);
			runOnlyForDeploymentPostprocessing = 0;
		};
/* End PBXResourcesBuildPhase section */

/* Begin PBXSourcesBuildPhase section */
		2354251729F122DB00CD0438 /* Sources */ = {
			isa = PBXSourcesBuildPhase;
			buildActionMask = 2147483647;
			files = (
				234C234F29F2625900B5EC68 /* ShowViewController.swift in Sources */,
				2354252129F122DB00CD0438 /* ViewController.swift in Sources */,
				2354252729F122DB00CD0438 /* CoreDataOrginal.xcdatamodeld in Sources */,
				234C235129F2626D00B5EC68 /* TableViewCell.swift in Sources */,
				2354251F29F122DB00CD0438 /* AppDelegate.swift in Sources */,
			);
			runOnlyForDeploymentPostprocessing = 0;
		};
/* End PBXSourcesBuildPhase section */

/* Begin PBXVariantGroup section */
		2354252229F122DB00CD0438 /* Main.storyboard */ = {
			isa = PBXVariantGroup;
			children = (
				2354252329F122DB00CD0438 /* Base */,
			);
			name = Main.storyboard;
			sourceTree = "<group>";
		};
		2354252A29F122E100CD0438 /* LaunchScreen.storyboard */ = {
			isa = PBXVariantGroup;
			children = (
				2354252B29F122E100CD0438 /* Base */,
			);
			name = LaunchScreen.storyboard;
			sourceTree = "<group>";
		};
/* End PBXVariantGroup section */

/* Begin XCBuildConfiguration section */
		2354252E29F122E100CD0438 /* Debug */ = {
			isa = XCBuildConfiguration;
			buildSettings = {
				ALWAYS_SEARCH_USER_PATHS = NO;
				CLANG_ANALYZER_NONNULL = YES;
				CLANG_ANALYZER_NUMBER_OBJECT_CONVERSION = YES_AGGRESSIVE;
				CLANG_CXX_LANGUAGE_STANDARD = "gnu++14";
				CLANG_CXX_LIBRARY = "libc++";
				CLANG_ENABLE_MODULES = YES;
				CLANG_ENABLE_OBJC_ARC = YES;
				CLANG_ENABLE_OBJC_WEAK = YES;
				CLANG_WARN_BLOCK_CAPTURE_AUTORELEASING = YES;
				CLANG_WARN_BOOL_CONVERSION = YES;
				CLANG_WARN_COMMA = YES;
				CLANG_WARN_CONSTANT_CONVERSION = YES;
				CLANG_WARN_DEPRECATED_OBJC_IMPLEMENTATIONS = YES;
				CLANG_WARN_DIRECT_OBJC_ISA_USAGE = YES_ERROR;
				CLANG_WARN_DOCUMENTATION_COMMENTS = YES;
				CLANG_WARN_EMPTY_BODY = YES;
				CLANG_WARN_ENUM_CONVERSION = YES;
				CLANG_WARN_INFINITE_RECURSION = YES;
				CLANG_WARN_INT_CONVERSION = YES;
				CLANG_WARN_NON_LITERAL_NULL_CONVERSION = YES;
				CLANG_WARN_OBJC_IMPLICIT_RETAIN_SELF = YES;
				CLANG_WARN_OBJC_LITERAL_CONVERSION = YES;
				CLANG_WARN_OBJC_ROOT_CLASS = YES_ERROR;
				CLANG_WARN_RANGE_LOOP_ANALYSIS = YES;
				CLANG_WARN_STRICT_PROTOTYPES = YES;
				CLANG_WARN_SUSPICIOUS_MOVE = YES;
				CLANG_WARN_UNGUARDED_AVAILABILITY = YES_AGGRESSIVE;
				CLANG_WARN_UNREACHABLE_CODE = YES;
				CLANG_WARN__DUPLICATE_METHOD_MATCH = YES;
				CODE_SIGN_IDENTITY = "iPhone Developer";
				COPY_PHASE_STRIP = NO;
				DEBUG_INFORMATION_FORMAT = dwarf;
				ENABLE_STRICT_OBJC_MSGSEND = YES;
				ENABLE_TESTABILITY = YES;
				GCC_C_LANGUAGE_STANDARD = gnu11;
				GCC_DYNAMIC_NO_PIC = NO;
				GCC_NO_COMMON_BLOCKS = YES;
				GCC_OPTIMIZATION_LEVEL = 0;
				GCC_PREPROCESSOR_DEFINITIONS = (
					"DEBUG=1",
					"$(inherited)",
				);
				GCC_WARN_64_TO_32_BIT_CONVERSION = YES;
				GCC_WARN_ABOUT_RETURN_TYPE = YES_ERROR;
				GCC_WARN_UNDECLARED_SELECTOR = YES;
				GCC_WARN_UNINITIALIZED_AUTOS = YES_AGGRESSIVE;
				GCC_WARN_UNUSED_FUNCTION = YES;
				GCC_WARN_UNUSED_VARIABLE = YES;
				IPHONEOS_DEPLOYMENT_TARGET = 12.2;
				MTL_ENABLE_DEBUG_INFO = INCLUDE_SOURCE;
				MTL_FAST_MATH = YES;
				ONLY_ACTIVE_ARCH = YES;
				SDKROOT = iphoneos;
				SWIFT_ACTIVE_COMPILATION_CONDITIONS = DEBUG;
				SWIFT_OPTIMIZATION_LEVEL = "-Onone";
			};
			name = Debug;
		};
		2354252F29F122E100CD0438 /* Release */ = {
			isa = XCBuildConfiguration;
			buildSettings = {
				ALWAYS_SEARCH_USER_PATHS = NO;
				CLANG_ANALYZER_NONNULL = YES;
				CLANG_ANALYZER_NUMBER_OBJECT_CONVERSION = YES_AGGRESSIVE;
				CLANG_CXX_LANGUAGE_STANDARD = "gnu++14";
				CLANG_CXX_LIBRARY = "libc++";
				CLANG_ENABLE_MODULES = YES;
				CLANG_ENABLE_OBJC_ARC = YES;
				CLANG_ENABLE_OBJC_WEAK = YES;
				CLANG_WARN_BLOCK_CAPTURE_AUTORELEASING = YES;
				CLANG_WARN_BOOL_CONVERSION = YES;
				CLANG_WARN_COMMA = YES;
				CLANG_WARN_CONSTANT_CONVERSION = YES;
				CLANG_WARN_DEPRECATED_OBJC_IMPLEMENTATIONS = YES;
				CLANG_WARN_DIRECT_OBJC_ISA_USAGE = YES_ERROR;
				CLANG_WARN_DOCUMENTATION_COMMENTS = YES;
				CLANG_WARN_EMPTY_BODY = YES;
				CLANG_WARN_ENUM_CONVERSION = YES;
				CLANG_WARN_INFINITE_RECURSION = YES;
				CLANG_WARN_INT_CONVERSION = YES;
				CLANG_WARN_NON_LITERAL_NULL_CONVERSION = YES;
				CLANG_WARN_OBJC_IMPLICIT_RETAIN_SELF = YES;
				CLANG_WARN_OBJC_LITERAL_CONVERSION = YES;
				CLANG_WARN_OBJC_ROOT_CLASS = YES_ERROR;
				CLANG_WARN_RANGE_LOOP_ANALYSIS = YES;
				CLANG_WARN_STRICT_PROTOTYPES = YES;
				CLANG_WARN_SUSPICIOUS_MOVE = YES;
				CLANG_WARN_UNGUARDED_AVAILABILITY = YES_AGGRESSIVE;
				CLANG_WARN_UNREACHABLE_CODE = YES;
				CLANG_WARN__DUPLICATE_METHOD_MATCH = YES;
				CODE_SIGN_IDENTITY = "iPhone Developer";
				COPY_PHASE_STRIP = NO;
				DEBUG_INFORMATION_FORMAT = "dwarf-with-dsym";
				ENABLE_NS_ASSERTIONS = NO;
				ENABLE_STRICT_OBJC_MSGSEND = YES;
				GCC_C_LANGUAGE_STANDARD = gnu11;
				GCC_NO_COMMON_BLOCKS = YES;
				GCC_WARN_64_TO_32_BIT_CONVERSION = YES;
				GCC_WARN_ABOUT_RETURN_TYPE = YES_ERROR;
				GCC_WARN_UNDECLARED_SELECTOR = YES;
				GCC_WARN_UNINITIALIZED_AUTOS = YES_AGGRESSIVE;
				GCC_WARN_UNUSED_FUNCTION = YES;
				GCC_WARN_UNUSED_VARIABLE = YES;
				IPHONEOS_DEPLOYMENT_TARGET = 12.2;
				MTL_ENABLE_DEBUG_INFO = NO;
				MTL_FAST_MATH = YES;
				SDKROOT = iphoneos;
				SWIFT_COMPILATION_MODE = wholemodule;
				SWIFT_OPTIMIZATION_LEVEL = "-O";
				VALIDATE_PRODUCT = YES;
			};
			name = Release;
		};
		2354253129F122E200CD0438 /* Debug */ = {
			isa = XCBuildConfiguration;
			buildSettings = {
				ASSETCATALOG_COMPILER_APPICON_NAME = AppIcon;
				CODE_SIGN_STYLE = Automatic;
				INFOPLIST_FILE = CoreDataOrginal/Info.plist;
				LD_RUNPATH_SEARCH_PATHS = (
					"$(inherited)",
					"@executable_path/Frameworks",
				);
				PRODUCT_BUNDLE_IDENTIFIER = scs.CoreDataOrginal;
				PRODUCT_NAME = "$(TARGET_NAME)";
				SWIFT_VERSION = 5.0;
				TARGETED_DEVICE_FAMILY = "1,2";
			};
			name = Debug;
		};
		2354253229F122E200CD0438 /* Release */ = {
			isa = XCBuildConfiguration;
			buildSettings = {
				ASSETCATALOG_COMPILER_APPICON_NAME = AppIcon;
				CODE_SIGN_STYLE = Automatic;
				INFOPLIST_FILE = CoreDataOrginal/Info.plist;
				LD_RUNPATH_SEARCH_PATHS = (
					"$(inherited)",
					"@executable_path/Frameworks",
				);
				PRODUCT_BUNDLE_IDENTIFIER = scs.CoreDataOrginal;
				PRODUCT_NAME = "$(TARGET_NAME)";
				SWIFT_VERSION = 5.0;
				TARGETED_DEVICE_FAMILY = "1,2";
			};
			name = Release;
		};
/* End XCBuildConfiguration section */

/* Begin XCConfigurationList section */
		2354251629F122DB00CD0438 /* Build configuration list for PBXProject "CoreDataOrginal" */ = {
			isa = XCConfigurationList;
			buildConfigurations = (
				2354252E29F122E100CD0438 /* Debug */,
				2354252F29F122E100CD0438 /* Release */,
			);
			defaultConfigurationIsVisible = 0;
			defaultConfigurationName = Release;
		};
		2354253029F122E200CD0438 /* Build configuration list for PBXNativeTarget "CoreDataOrginal" */ = {
			isa = XCConfigurationList;
			buildConfigurations = (
				2354253129F122E200CD0438 /* Debug */,
				2354253229F122E200CD0438 /* Release */,
			);
			defaultConfigurationIsVisible = 0;
			defaultConfigurationName = Release;
		};
/* End XCConfigurationList section */

/* Begin XCVersionGroup section */
		2354252529F122DB00CD0438 /* CoreDataOrginal.xcdatamodeld */ = {
			isa = XCVersionGroup;
			children = (
				2354252629F122DB00CD0438 /* CoreDataOrginal.xcdatamodel */,
			);
			currentVersion = 2354252629F122DB00CD0438 /* CoreDataOrginal.xcdatamodel */;
			path = CoreDataOrginal.xcdatamodeld;
			sourceTree = "<group>";
			versionGroupType = wrapper.xcdatamodel;
		};
/* End XCVersionGroup section */
	};
	rootObject = 2354251329F122DB00CD0438 /* Project object */;
}
